
Microsoft Visual Studio Solution File, Format Version 12.00
# Visual Studio Version 17
VisualStudioVersion = 17.1.32228.430
MinimumVisualStudioVersion = 10.0.40219.1
Project("{9A19103F-16F7-4668-BE54-9A1E7A4F7556}") = "Bank_Application)OOP_WPF", "Bank_Application)OOP_WPF\Bank_Application)OOP_WPF.csproj", "{66991D8A-2A19-4DA8-8D3A-2F6ADD41E296}"
EndProject
Project("{FAE04EC0-301F-11D3-BF4B-00C04F79EFBC}") = "Baank_Class_Library", "Baank_Class_Library\Baank_Class_Library.csproj", "{A05C414A-921C-4BF8-A53E-FC47A97421BB}"
EndProject
Global
	GlobalSection(SolutionConfigurationPlatforms) = preSolution
		Debug|Any CPU = Debug|Any CPU
		Release|Any CPU = Release|Any CPU
	EndGlobalSection
	GlobalSection(ProjectConfigurationPlatforms) = postSolution
		{66991D8A-2A19-4DA8-8D3A-2F6ADD41E296}.Debug|Any CPU.ActiveCfg = Debug|Any CPU
		{66991D8A-2A19-4DA8-8D3A-2F6ADD41E296}.Debug|Any CPU.Build.0 = Debug|Any CPU
		{66991D8A-2A19-4DA8-8D3A-2F6ADD41E296}.Release|Any CPU.ActiveCfg = Release|Any CPU
		{66991D8A-2A19-4DA8-8D3A-2F6ADD41E296}.Release|Any CPU.Build.0 = Release|Any CPU
		{A05C414A-921C-4BF8-A53E-FC47A97421BB}.Debug|Any CPU.ActiveCfg = Debug|Any CPU
		{A05C414A-921C-4BF8-A53E-FC47A97421BB}.Debug|Any CPU.Build.0 = Debug|Any CPU
		{A05C414A-921C-4BF8-A53E-FC47A97421BB}.Release|Any CPU.ActiveCfg = Release|Any CPU
		{A05C414A-921C-4BF8-A53E-FC47A97421BB}.Release|Any CPU.Build.0 = Release|Any CPU
	EndGlobalSection
	GlobalSection(SolutionProperties) = preSolution
		HideSolutionNode = FALSE
	EndGlobalSection
	GlobalSection(ExtensibilityGlobals) = postSolution
		SolutionGuid = {DDA42186-3610-416F-9780-33D4B593D252}
	EndGlobalSection
EndGlobal
